
Microsoft Visual Studio Solution File, Format Version 12.00
# Visual Studio Version 17
VisualStudioVersion = 17.5.002.0
MinimumVisualStudioVersion = 10.0.40219.1
Project("{9A19103F-16F7-4668-BE54-9A1E7A4F7556}") = "webAPI.NETCore8", "webAPI.NETCore8.csproj", "{B6000D68-2EDE-4158-8607-945D6BB6E394}"
EndProject
Global
	GlobalSection(SolutionConfigurationPlatforms) = preSolution
		Debug|Any CPU = Debug|Any CPU
		Release|Any CPU = Release|Any CPU
	EndGlobalSection
	GlobalSection(ProjectConfigurationPlatforms) = postSolution
		{B6000D68-2EDE-4158-8607-945D6BB6E394}.Debug|Any CPU.ActiveCfg = Debug|Any CPU
		{B6000D68-2EDE-4158-8607-945D6BB6E394}.Debug|Any CPU.Build.0 = Debug|Any CPU
		{B6000D68-2EDE-4158-8607-945D6BB6E394}.Release|Any CPU.ActiveCfg = Release|Any CPU
		{B6000D68-2EDE-4158-8607-945D6BB6E394}.Release|Any CPU.Build.0 = Release|Any CPU
	EndGlobalSection
	GlobalSection(SolutionProperties) = preSolution
		HideSolutionNode = FALSE
	EndGlobalSection
	GlobalSection(ExtensibilityGlobals) = postSolution
		SolutionGuid = {FFFA8F94-6465-42F9-A41C-B1A5375858C4}
	EndGlobalSection
EndGlobal
